
Microsoft Visual Studio Solution File, Format Version 12.00
# Visual Studio Version 16
VisualStudioVersion = 16.0.31005.135
MinimumVisualStudioVersion = 10.0.40219.1
Project("{FAE04EC0-301F-11D3-BF4B-00C04F79EFBC}") = "VitchMat_Step", "VitchMat_SLAY\VitchMat_Step.csproj", "{974F0856-5638-4554-9B24-E6521211DDC0}"
EndProject
Global
	GlobalSection(SolutionConfigurationPlatforms) = preSolution
		Debug|Any CPU = Debug|Any CPU
		Release|Any CPU = Release|Any CPU
	EndGlobalSection
	GlobalSection(ProjectConfigurationPlatforms) = postSolution
		{974F0856-5638-4554-9B24-E6521211DDC0}.Debug|Any CPU.ActiveCfg = Debug|Any CPU
		{974F0856-5638-4554-9B24-E6521211DDC0}.Debug|Any CPU.Build.0 = Debug|Any CPU
		{974F0856-5638-4554-9B24-E6521211DDC0}.Release|Any CPU.ActiveCfg = Release|Any CPU
		{974F0856-5638-4554-9B24-E6521211DDC0}.Release|Any CPU.Build.0 = Release|Any CPU
	EndGlobalSection
	GlobalSection(SolutionProperties) = preSolution
		HideSolutionNode = FALSE
	EndGlobalSection
	GlobalSection(ExtensibilityGlobals) = postSolution
		SolutionGuid = {13EA1E21-B722-46DD-ADE4-7AF8247213BF}
	EndGlobalSection
EndGlobal
